
Microsoft Visual Studio Solution File, Format Version 11.00
# Visual Studio 2010
Project("{FAE04EC0-301F-11D3-BF4B-00C04F79EFBC}") = "WebHost", "WebServiceSecurity\WebHost.csproj", "{65C5C39A-C726-4AA8-954B-3241298C8F27}"
EndProject
Project("{FAE04EC0-301F-11D3-BF4B-00C04F79EFBC}") = "SoapUserNameClient", "Clients\SoapUserNameClient\SoapUserNameClient.csproj", "{9A0EBC18-A1DD-4E19-84D0-1FAA89EDE184}"
EndProject
Project("{2150E333-8FDC-42A3-9474-1A3956D46DE8}") = "Clients", "Clients", "{B8C3B3BD-F53C-4927-9FE6-11625AEF125D}"
EndProject
Project("{FAE04EC0-301F-11D3-BF4B-00C04F79EFBC}") = "SoapCertificateClient", "Clients\SoapCertificateClient\SoapCertificateClient.csproj", "{7F8B01E9-8C04-4D76-AF6F-2002BB679C18}"
EndProject
Project("{FAE04EC0-301F-11D3-BF4B-00C04F79EFBC}") = "Thinktecture.IdentityModel.Web", "Thinktecture.IdentityModel.Web\Thinktecture.IdentityModel.Web.csproj", "{B8DC8B2B-40E7-4C58-A89B-0FDC90D1DE00}"
EndProject
Project("{FAE04EC0-301F-11D3-BF4B-00C04F79EFBC}") = "SoapWindowsClient", "Clients\SoapWindowsClient\SoapWindowsClient.csproj", "{6F41B628-389E-48E2-897F-446AAEFD833D}"
EndProject
Project("{FAE04EC0-301F-11D3-BF4B-00C04F79EFBC}") = "RestBasicAuthenticationClient", "Clients\RestBasicAuthenticationClient\RestBasicAuthenticationClient.csproj", "{C0C273F9-32D5-4598-AC02-0F1C1A1C6D4E}"
EndProject
Project("{FAE04EC0-301F-11D3-BF4B-00C04F79EFBC}") = "Common", "Clients\Common\Common.csproj", "{FB47B53B-C9BE-44B6-B6B5-DECF27B09AD6}"
EndProject
Project("{FAE04EC0-301F-11D3-BF4B-00C04F79EFBC}") = "SoapAdfsClient", "Clients\SoapAdfsClient\SoapAdfsClient.csproj", "{6CF89CFC-D596-4F14-8CFB-0F45BB0EE3D1}"
EndProject
Project("{FAE04EC0-301F-11D3-BF4B-00C04F79EFBC}") = "SoapAcsClient", "Clients\SoapAcsClient\SoapAcsClient.csproj", "{39058B39-2F23-42A7-B3F5-F45888B8BAEE}"
EndProject
Project("{2150E333-8FDC-42A3-9474-1A3956D46DE8}") = "SOAP", "SOAP", "{C8B5288C-D376-4E19-93E2-8A2FAE55113E}"
EndProject
Project("{2150E333-8FDC-42A3-9474-1A3956D46DE8}") = "REST", "REST", "{D4976C06-F9F3-45F0-8F8F-A43E8E5D7779}"
EndProject
Project("{FAE04EC0-301F-11D3-BF4B-00C04F79EFBC}") = "RestAdfsClient", "Clients\RestAdfsClient\RestAdfsClient.csproj", "{9267734D-96B9-430C-A8EA-E57FC5F0D50C}"
EndProject
Project("{FAE04EC0-301F-11D3-BF4B-00C04F79EFBC}") = "RestAcsClient", "Clients\RestAcsClient\RestAcsClient.csproj", "{118ADFCA-0AD0-4B67-9ABC-2962347B1AD7}"
EndProject
Project("{FAE04EC0-301F-11D3-BF4B-00C04F79EFBC}") = "RestAnonymousClient", "Clients\RestAnonymousClient\RestAnonymousClient.csproj", "{4031904F-EFDB-4377-AD50-17B68E777936}"
EndProject
Project("{FAE04EC0-301F-11D3-BF4B-00C04F79EFBC}") = "SoapWebIdentityClient", "Clients\SoapWebIdentityClient\SoapWebIdentityClient.csproj", "{356920C1-E6B2-4857-9517-6F16769CB27E}"
EndProject
Project("{FAE04EC0-301F-11D3-BF4B-00C04F79EFBC}") = "Thinktecture.IdentityModel.Web.Client", "Thinktecture.IdentityModel.Web.Client\Thinktecture.IdentityModel.Web.Client.csproj", "{49FD1DFF-8229-4ACB-905A-BAAFABFF9152}"
EndProject
Project("{FAE04EC0-301F-11D3-BF4B-00C04F79EFBC}") = "RestIdSrvWrapClient", "Clients\RestDirectWrapClient\RestIdSrvWrapClient.csproj", "{27CD9BB7-3059-4553-A222-BF83ADC139FC}"
EndProject
Project("{FAE04EC0-301F-11D3-BF4B-00C04F79EFBC}") = "RestIdSrvOAuth2Client", "Clients\RestDirectOAuth2Client\RestIdSrvOAuth2Client.csproj", "{7892D20D-6B50-47C2-97FF-8CCF3A93B373}"
EndProject
Project("{FAE04EC0-301F-11D3-BF4B-00C04F79EFBC}") = "RestWinClient", "Clients\RestWinClient\RestWinClient.csproj", "{07CF107B-927C-41FE-B895-28A52B21F1B0}"
EndProject
Project("{FAE04EC0-301F-11D3-BF4B-00C04F79EFBC}") = "ConsoleHost", "ConsoleHost\ConsoleHost.csproj", "{D229A5A6-6835-475B-ABB5-2CB1AA5ADEFA}"
EndProject
Project("{FAE04EC0-301F-11D3-BF4B-00C04F79EFBC}") = "Security", "Security\Security.csproj", "{2A57200C-9AF8-441D-BFCA-186C8F44C203}"
EndProject
Project("{FAE04EC0-301F-11D3-BF4B-00C04F79EFBC}") = "Services", "Services\Services.csproj", "{A222D3EE-5F25-4C35-BC91-A1440F4B7803}"
EndProject
Project("{2150E333-8FDC-42A3-9474-1A3956D46DE8}") = "Hosts", "Hosts", "{DCFFB333-6576-4DF4-80FB-BE8BFFE32E20}"
EndProject
Project("{2150E333-8FDC-42A3-9474-1A3956D46DE8}") = "Libs", "Libs", "{CB00E09A-A1A0-4548-AA8A-202E56C17131}"
EndProject
Project("{2150E333-8FDC-42A3-9474-1A3956D46DE8}") = ".nuget", ".nuget", "{0D556B52-14D4-4A82-9E99-5E86A0C12453}"
	ProjectSection(SolutionItems) = preProject
		.nuget\NuGet.exe = .nuget\NuGet.exe
		.nuget\NuGet.targets = .nuget\NuGet.targets
	EndProjectSection
EndProject
Global
	GlobalSection(SolutionConfigurationPlatforms) = preSolution
		Debug|Any CPU = Debug|Any CPU
		Debug|Mixed Platforms = Debug|Mixed Platforms
		Debug|x86 = Debug|x86
		Release|Any CPU = Release|Any CPU
		Release|Mixed Platforms = Release|Mixed Platforms
		Release|x86 = Release|x86
	EndGlobalSection
	GlobalSection(ProjectConfigurationPlatforms) = postSolution
		{65C5C39A-C726-4AA8-954B-3241298C8F27}.Debug|Any CPU.ActiveCfg = Debug|Any CPU
		{65C5C39A-C726-4AA8-954B-3241298C8F27}.Debug|Any CPU.Build.0 = Debug|Any CPU
		{65C5C39A-C726-4AA8-954B-3241298C8F27}.Debug|Mixed Platforms.ActiveCfg = Debug|Any CPU
		{65C5C39A-C726-4AA8-954B-3241298C8F27}.Debug|Mixed Platforms.Build.0 = Debug|Any CPU
		{65C5C39A-C726-4AA8-954B-3241298C8F27}.Debug|x86.ActiveCfg = Debug|Any CPU
		{65C5C39A-C726-4AA8-954B-3241298C8F27}.Release|Any CPU.ActiveCfg = Release|Any CPU
		{65C5C39A-C726-4AA8-954B-3241298C8F27}.Release|Any CPU.Build.0 = Release|Any CPU
		{65C5C39A-C726-4AA8-954B-3241298C8F27}.Release|Mixed Platforms.ActiveCfg = Release|Any CPU
		{65C5C39A-C726-4AA8-954B-3241298C8F27}.Release|Mixed Platforms.Build.0 = Release|Any CPU
		{65C5C39A-C726-4AA8-954B-3241298C8F27}.Release|x86.ActiveCfg = Release|Any CPU
		{9A0EBC18-A1DD-4E19-84D0-1FAA89EDE184}.Debug|Any CPU.ActiveCfg = Debug|x86
		{9A0EBC18-A1DD-4E19-84D0-1FAA89EDE184}.Debug|Mixed Platforms.ActiveCfg = Debug|x86
		{9A0EBC18-A1DD-4E19-84D0-1FAA89EDE184}.Debug|Mixed Platforms.Build.0 = Debug|x86
		{9A0EBC18-A1DD-4E19-84D0-1FAA89EDE184}.Debug|x86.ActiveCfg = Debug|x86
		{9A0EBC18-A1DD-4E19-84D0-1FAA89EDE184}.Debug|x86.Build.0 = Debug|x86
		{9A0EBC18-A1DD-4E19-84D0-1FAA89EDE184}.Release|Any CPU.ActiveCfg = Release|x86
		{9A0EBC18-A1DD-4E19-84D0-1FAA89EDE184}.Release|Mixed Platforms.ActiveCfg = Release|x86
		{9A0EBC18-A1DD-4E19-84D0-1FAA89EDE184}.Release|Mixed Platforms.Build.0 = Release|x86
		{9A0EBC18-A1DD-4E19-84D0-1FAA89EDE184}.Release|x86.ActiveCfg = Release|x86
		{9A0EBC18-A1DD-4E19-84D0-1FAA89EDE184}.Release|x86.Build.0 = Release|x86
		{7F8B01E9-8C04-4D76-AF6F-2002BB679C18}.Debug|Any CPU.ActiveCfg = Debug|x86
		{7F8B01E9-8C04-4D76-AF6F-2002BB679C18}.Debug|Mixed Platforms.ActiveCfg = Debug|x86
		{7F8B01E9-8C04-4D76-AF6F-2002BB679C18}.Debug|Mixed Platforms.Build.0 = Debug|x86
		{7F8B01E9-8C04-4D76-AF6F-2002BB679C18}.Debug|x86.ActiveCfg = Debug|x86
		{7F8B01E9-8C04-4D76-AF6F-2002BB679C18}.Debug|x86.Build.0 = Debug|x86
		{7F8B01E9-8C04-4D76-AF6F-2002BB679C18}.Release|Any CPU.ActiveCfg = Release|x86
		{7F8B01E9-8C04-4D76-AF6F-2002BB679C18}.Release|Mixed Platforms.ActiveCfg = Release|x86
		{7F8B01E9-8C04-4D76-AF6F-2002BB679C18}.Release|Mixed Platforms.Build.0 = Release|x86
		{7F8B01E9-8C04-4D76-AF6F-2002BB679C18}.Release|x86.ActiveCfg = Release|x86
		{7F8B01E9-8C04-4D76-AF6F-2002BB679C18}.Release|x86.Build.0 = Release|x86
		{B8DC8B2B-40E7-4C58-A89B-0FDC90D1DE00}.Debug|Any CPU.ActiveCfg = Debug|Any CPU
		{B8DC8B2B-40E7-4C58-A89B-0FDC90D1DE00}.Debug|Any CPU.Build.0 = Debug|Any CPU
		{B8DC8B2B-40E7-4C58-A89B-0FDC90D1DE00}.Debug|Mixed Platforms.ActiveCfg = Debug|Any CPU
		{B8DC8B2B-40E7-4C58-A89B-0FDC90D1DE00}.Debug|Mixed Platforms.Build.0 = Debug|Any CPU
		{B8DC8B2B-40E7-4C58-A89B-0FDC90D1DE00}.Debug|x86.ActiveCfg = Debug|Any CPU
		{B8DC8B2B-40E7-4C58-A89B-0FDC90D1DE00}.Release|Any CPU.ActiveCfg = Release|Any CPU
		{B8DC8B2B-40E7-4C58-A89B-0FDC90D1DE00}.Release|Any CPU.Build.0 = Release|Any CPU
		{B8DC8B2B-40E7-4C58-A89B-0FDC90D1DE00}.Release|Mixed Platforms.ActiveCfg = Release|Any CPU
		{B8DC8B2B-40E7-4C58-A89B-0FDC90D1DE00}.Release|Mixed Platforms.Build.0 = Release|Any CPU
		{B8DC8B2B-40E7-4C58-A89B-0FDC90D1DE00}.Release|x86.ActiveCfg = Release|Any CPU
		{6F41B628-389E-48E2-897F-446AAEFD833D}.Debug|Any CPU.ActiveCfg = Debug|x86
		{6F41B628-389E-48E2-897F-446AAEFD833D}.Debug|Mixed Platforms.ActiveCfg = Debug|x86
		{6F41B628-389E-48E2-897F-446AAEFD833D}.Debug|Mixed Platforms.Build.0 = Debug|x86
		{6F41B628-389E-48E2-897F-446AAEFD833D}.Debug|x86.ActiveCfg = Debug|x86
		{6F41B628-389E-48E2-897F-446AAEFD833D}.Debug|x86.Build.0 = Debug|x86
		{6F41B628-389E-48E2-897F-446AAEFD833D}.Release|Any CPU.ActiveCfg = Release|x86
		{6F41B628-389E-48E2-897F-446AAEFD833D}.Release|Mixed Platforms.ActiveCfg = Release|x86
		{6F41B628-389E-48E2-897F-446AAEFD833D}.Release|Mixed Platforms.Build.0 = Release|x86
		{6F41B628-389E-48E2-897F-446AAEFD833D}.Release|x86.ActiveCfg = Release|x86
		{6F41B628-389E-48E2-897F-446AAEFD833D}.Release|x86.Build.0 = Release|x86
		{C0C273F9-32D5-4598-AC02-0F1C1A1C6D4E}.Debug|Any CPU.ActiveCfg = Debug|x86
		{C0C273F9-32D5-4598-AC02-0F1C1A1C6D4E}.Debug|Mixed Platforms.ActiveCfg = Debug|x86
		{C0C273F9-32D5-4598-AC02-0F1C1A1C6D4E}.Debug|Mixed Platforms.Build.0 = Debug|x86
		{C0C273F9-32D5-4598-AC02-0F1C1A1C6D4E}.Debug|x86.ActiveCfg = Debug|x86
		{C0C273F9-32D5-4598-AC02-0F1C1A1C6D4E}.Debug|x86.Build.0 = Debug|x86
		{C0C273F9-32D5-4598-AC02-0F1C1A1C6D4E}.Release|Any CPU.ActiveCfg = Release|x86
		{C0C273F9-32D5-4598-AC02-0F1C1A1C6D4E}.Release|Mixed Platforms.ActiveCfg = Release|x86
		{C0C273F9-32D5-4598-AC02-0F1C1A1C6D4E}.Release|Mixed Platforms.Build.0 = Release|x86
		{C0C273F9-32D5-4598-AC02-0F1C1A1C6D4E}.Release|x86.ActiveCfg = Release|x86
		{C0C273F9-32D5-4598-AC02-0F1C1A1C6D4E}.Release|x86.Build.0 = Release|x86
		{FB47B53B-C9BE-44B6-B6B5-DECF27B09AD6}.Debug|Any CPU.ActiveCfg = Debug|x86
		{FB47B53B-C9BE-44B6-B6B5-DECF27B09AD6}.Debug|Mixed Platforms.ActiveCfg = Debug|x86
		{FB47B53B-C9BE-44B6-B6B5-DECF27B09AD6}.Debug|Mixed Platforms.Build.0 = Debug|x86
		{FB47B53B-C9BE-44B6-B6B5-DECF27B09AD6}.Debug|x86.ActiveCfg = Debug|x86
		{FB47B53B-C9BE-44B6-B6B5-DECF27B09AD6}.Debug|x86.Build.0 = Debug|x86
		{FB47B53B-C9BE-44B6-B6B5-DECF27B09AD6}.Release|Any CPU.ActiveCfg = Release|x86
		{FB47B53B-C9BE-44B6-B6B5-DECF27B09AD6}.Release|Mixed Platforms.ActiveCfg = Release|x86
		{FB47B53B-C9BE-44B6-B6B5-DECF27B09AD6}.Release|Mixed Platforms.Build.0 = Release|x86
		{FB47B53B-C9BE-44B6-B6B5-DECF27B09AD6}.Release|x86.ActiveCfg = Release|x86
		{FB47B53B-C9BE-44B6-B6B5-DECF27B09AD6}.Release|x86.Build.0 = Release|x86
		{6CF89CFC-D596-4F14-8CFB-0F45BB0EE3D1}.Debug|Any CPU.ActiveCfg = Debug|x86
		{6CF89CFC-D596-4F14-8CFB-0F45BB0EE3D1}.Debug|Mixed Platforms.ActiveCfg = Debug|x86
		{6CF89CFC-D596-4F14-8CFB-0F45BB0EE3D1}.Debug|Mixed Platforms.Build.0 = Debug|x86
		{6CF89CFC-D596-4F14-8CFB-0F45BB0EE3D1}.Debug|x86.ActiveCfg = Debug|x86
		{6CF89CFC-D596-4F14-8CFB-0F45BB0EE3D1}.Debug|x86.Build.0 = Debug|x86
		{6CF89CFC-D596-4F14-8CFB-0F45BB0EE3D1}.Release|Any CPU.ActiveCfg = Release|x86
		{6CF89CFC-D596-4F14-8CFB-0F45BB0EE3D1}.Release|Mixed Platforms.ActiveCfg = Release|x86
		{6CF89CFC-D596-4F14-8CFB-0F45BB0EE3D1}.Release|Mixed Platforms.Build.0 = Release|x86
		{6CF89CFC-D596-4F14-8CFB-0F45BB0EE3D1}.Release|x86.ActiveCfg = Release|x86
		{6CF89CFC-D596-4F14-8CFB-0F45BB0EE3D1}.Release|x86.Build.0 = Release|x86
		{39058B39-2F23-42A7-B3F5-F45888B8BAEE}.Debug|Any CPU.ActiveCfg = Debug|x86
		{39058B39-2F23-42A7-B3F5-F45888B8BAEE}.Debug|Mixed Platforms.ActiveCfg = Debug|x86
		{39058B39-2F23-42A7-B3F5-F45888B8BAEE}.Debug|Mixed Platforms.Build.0 = Debug|x86
		{39058B39-2F23-42A7-B3F5-F45888B8BAEE}.Debug|x86.ActiveCfg = Debug|x86
		{39058B39-2F23-42A7-B3F5-F45888B8BAEE}.Debug|x86.Build.0 = Debug|x86
		{39058B39-2F23-42A7-B3F5-F45888B8BAEE}.Release|Any CPU.ActiveCfg = Release|x86
		{39058B39-2F23-42A7-B3F5-F45888B8BAEE}.Release|Mixed Platforms.ActiveCfg = Release|x86
		{39058B39-2F23-42A7-B3F5-F45888B8BAEE}.Release|Mixed Platforms.Build.0 = Release|x86
		{39058B39-2F23-42A7-B3F5-F45888B8BAEE}.Release|x86.ActiveCfg = Release|x86
		{39058B39-2F23-42A7-B3F5-F45888B8BAEE}.Release|x86.Build.0 = Release|x86
		{9267734D-96B9-430C-A8EA-E57FC5F0D50C}.Debug|Any CPU.ActiveCfg = Debug|x86
		{9267734D-96B9-430C-A8EA-E57FC5F0D50C}.Debug|Mixed Platforms.ActiveCfg = Debug|x86
		{9267734D-96B9-430C-A8EA-E57FC5F0D50C}.Debug|Mixed Platforms.Build.0 = Debug|x86
		{9267734D-96B9-430C-A8EA-E57FC5F0D50C}.Debug|x86.ActiveCfg = Debug|x86
		{9267734D-96B9-430C-A8EA-E57FC5F0D50C}.Debug|x86.Build.0 = Debug|x86
		{9267734D-96B9-430C-A8EA-E57FC5F0D50C}.Release|Any CPU.ActiveCfg = Release|x86
		{9267734D-96B9-430C-A8EA-E57FC5F0D50C}.Release|Mixed Platforms.ActiveCfg = Release|x86
		{9267734D-96B9-430C-A8EA-E57FC5F0D50C}.Release|Mixed Platforms.Build.0 = Release|x86
		{9267734D-96B9-430C-A8EA-E57FC5F0D50C}.Release|x86.ActiveCfg = Release|x86
		{9267734D-96B9-430C-A8EA-E57FC5F0D50C}.Release|x86.Build.0 = Release|x86
		{118ADFCA-0AD0-4B67-9ABC-2962347B1AD7}.Debug|Any CPU.ActiveCfg = Debug|x86
		{118ADFCA-0AD0-4B67-9ABC-2962347B1AD7}.Debug|Mixed Platforms.ActiveCfg = Debug|x86
		{118ADFCA-0AD0-4B67-9ABC-2962347B1AD7}.Debug|Mixed Platforms.Build.0 = Debug|x86
		{118ADFCA-0AD0-4B67-9ABC-2962347B1AD7}.Debug|x86.ActiveCfg = Debug|x86
		{118ADFCA-0AD0-4B67-9ABC-2962347B1AD7}.Debug|x86.Build.0 = Debug|x86
		{118ADFCA-0AD0-4B67-9ABC-2962347B1AD7}.Release|Any CPU.ActiveCfg = Release|x86
		{118ADFCA-0AD0-4B67-9ABC-2962347B1AD7}.Release|Mixed Platforms.ActiveCfg = Release|x86
		{118ADFCA-0AD0-4B67-9ABC-2962347B1AD7}.Release|Mixed Platforms.Build.0 = Release|x86
		{118ADFCA-0AD0-4B67-9ABC-2962347B1AD7}.Release|x86.ActiveCfg = Release|x86
		{118ADFCA-0AD0-4B67-9ABC-2962347B1AD7}.Release|x86.Build.0 = Release|x86
		{4031904F-EFDB-4377-AD50-17B68E777936}.Debug|Any CPU.ActiveCfg = Debug|x86
		{4031904F-EFDB-4377-AD50-17B68E777936}.Debug|Mixed Platforms.ActiveCfg = Debug|x86
		{4031904F-EFDB-4377-AD50-17B68E777936}.Debug|Mixed Platforms.Build.0 = Debug|x86
		{4031904F-EFDB-4377-AD50-17B68E777936}.Debug|x86.ActiveCfg = Debug|x86
		{4031904F-EFDB-4377-AD50-17B68E777936}.Debug|x86.Build.0 = Debug|x86
		{4031904F-EFDB-4377-AD50-17B68E777936}.Release|Any CPU.ActiveCfg = Release|x86
		{4031904F-EFDB-4377-AD50-17B68E777936}.Release|Mixed Platforms.ActiveCfg = Release|x86
		{4031904F-EFDB-4377-AD50-17B68E777936}.Release|Mixed Platforms.Build.0 = Release|x86
		{4031904F-EFDB-4377-AD50-17B68E777936}.Release|x86.ActiveCfg = Release|x86
		{4031904F-EFDB-4377-AD50-17B68E777936}.Release|x86.Build.0 = Release|x86
		{356920C1-E6B2-4857-9517-6F16769CB27E}.Debug|Any CPU.ActiveCfg = Debug|x86
		{356920C1-E6B2-4857-9517-6F16769CB27E}.Debug|Mixed Platforms.ActiveCfg = Debug|x86
		{356920C1-E6B2-4857-9517-6F16769CB27E}.Debug|Mixed Platforms.Build.0 = Debug|x86
		{356920C1-E6B2-4857-9517-6F16769CB27E}.Debug|x86.ActiveCfg = Debug|x86
		{356920C1-E6B2-4857-9517-6F16769CB27E}.Debug|x86.Build.0 = Debug|x86
		{356920C1-E6B2-4857-9517-6F16769CB27E}.Release|Any CPU.ActiveCfg = Release|x86
		{356920C1-E6B2-4857-9517-6F16769CB27E}.Release|Mixed Platforms.ActiveCfg = Release|x86
		{356920C1-E6B2-4857-9517-6F16769CB27E}.Release|Mixed Platforms.Build.0 = Release|x86
		{356920C1-E6B2-4857-9517-6F16769CB27E}.Release|x86.ActiveCfg = Release|x86
		{356920C1-E6B2-4857-9517-6F16769CB27E}.Release|x86.Build.0 = Release|x86
		{49FD1DFF-8229-4ACB-905A-BAAFABFF9152}.Debug|Any CPU.ActiveCfg = Debug|Any CPU
		{49FD1DFF-8229-4ACB-905A-BAAFABFF9152}.Debug|Any CPU.Build.0 = Debug|Any CPU
		{49FD1DFF-8229-4ACB-905A-BAAFABFF9152}.Debug|Mixed Platforms.ActiveCfg = Debug|Any CPU
		{49FD1DFF-8229-4ACB-905A-BAAFABFF9152}.Debug|Mixed Platforms.Build.0 = Debug|Any CPU
		{49FD1DFF-8229-4ACB-905A-BAAFABFF9152}.Debug|x86.ActiveCfg = Debug|Any CPU
		{49FD1DFF-8229-4ACB-905A-BAAFABFF9152}.Release|Any CPU.ActiveCfg = Release|Any CPU
		{49FD1DFF-8229-4ACB-905A-BAAFABFF9152}.Release|Any CPU.Build.0 = Release|Any CPU
		{49FD1DFF-8229-4ACB-905A-BAAFABFF9152}.Release|Mixed Platforms.ActiveCfg = Release|Any CPU
		{49FD1DFF-8229-4ACB-905A-BAAFABFF9152}.Release|Mixed Platforms.Build.0 = Release|Any CPU
		{49FD1DFF-8229-4ACB-905A-BAAFABFF9152}.Release|x86.ActiveCfg = Release|Any CPU
		{27CD9BB7-3059-4553-A222-BF83ADC139FC}.Debug|Any CPU.ActiveCfg = Debug|x86
		{27CD9BB7-3059-4553-A222-BF83ADC139FC}.Debug|Mixed Platforms.ActiveCfg = Debug|x86
		{27CD9BB7-3059-4553-A222-BF83ADC139FC}.Debug|Mixed Platforms.Build.0 = Debug|x86
		{27CD9BB7-3059-4553-A222-BF83ADC139FC}.Debug|x86.ActiveCfg = Debug|x86
		{27CD9BB7-3059-4553-A222-BF83ADC139FC}.Debug|x86.Build.0 = Debug|x86
		{27CD9BB7-3059-4553-A222-BF83ADC139FC}.Release|Any CPU.ActiveCfg = Release|x86
		{27CD9BB7-3059-4553-A222-BF83ADC139FC}.Release|Mixed Platforms.ActiveCfg = Release|x86
		{27CD9BB7-3059-4553-A222-BF83ADC139FC}.Release|Mixed Platforms.Build.0 = Release|x86
		{27CD9BB7-3059-4553-A222-BF83ADC139FC}.Release|x86.ActiveCfg = Release|x86
		{27CD9BB7-3059-4553-A222-BF83ADC139FC}.Release|x86.Build.0 = Release|x86
		{7892D20D-6B50-47C2-97FF-8CCF3A93B373}.Debug|Any CPU.ActiveCfg = Debug|x86
		{7892D20D-6B50-47C2-97FF-8CCF3A93B373}.Debug|Mixed Platforms.ActiveCfg = Debug|x86
		{7892D20D-6B50-47C2-97FF-8CCF3A93B373}.Debug|Mixed Platforms.Build.0 = Debug|x86
		{7892D20D-6B50-47C2-97FF-8CCF3A93B373}.Debug|x86.ActiveCfg = Debug|x86
		{7892D20D-6B50-47C2-97FF-8CCF3A93B373}.Debug|x86.Build.0 = Debug|x86
		{7892D20D-6B50-47C2-97FF-8CCF3A93B373}.Release|Any CPU.ActiveCfg = Release|x86
		{7892D20D-6B50-47C2-97FF-8CCF3A93B373}.Release|Mixed Platforms.ActiveCfg = Release|x86
		{7892D20D-6B50-47C2-97FF-8CCF3A93B373}.Release|Mixed Platforms.Build.0 = Release|x86
		{7892D20D-6B50-47C2-97FF-8CCF3A93B373}.Release|x86.ActiveCfg = Release|x86
		{7892D20D-6B50-47C2-97FF-8CCF3A93B373}.Release|x86.Build.0 = Release|x86
		{07CF107B-927C-41FE-B895-28A52B21F1B0}.Debug|Any CPU.ActiveCfg = Debug|x86
		{07CF107B-927C-41FE-B895-28A52B21F1B0}.Debug|Mixed Platforms.ActiveCfg = Debug|x86
		{07CF107B-927C-41FE-B895-28A52B21F1B0}.Debug|Mixed Platforms.Build.0 = Debug|x86
		{07CF107B-927C-41FE-B895-28A52B21F1B0}.Debug|x86.ActiveCfg = Debug|x86
		{07CF107B-927C-41FE-B895-28A52B21F1B0}.Debug|x86.Build.0 = Debug|x86
		{07CF107B-927C-41FE-B895-28A52B21F1B0}.Release|Any CPU.ActiveCfg = Release|x86
		{07CF107B-927C-41FE-B895-28A52B21F1B0}.Release|Mixed Platforms.ActiveCfg = Release|x86
		{07CF107B-927C-41FE-B895-28A52B21F1B0}.Release|Mixed Platforms.Build.0 = Release|x86
		{07CF107B-927C-41FE-B895-28A52B21F1B0}.Release|x86.ActiveCfg = Release|x86
		{07CF107B-927C-41FE-B895-28A52B21F1B0}.Release|x86.Build.0 = Release|x86
		{D229A5A6-6835-475B-ABB5-2CB1AA5ADEFA}.Debug|Any CPU.ActiveCfg = Debug|x86
		{D229A5A6-6835-475B-ABB5-2CB1AA5ADEFA}.Debug|Mixed Platforms.ActiveCfg = Debug|x86
		{D229A5A6-6835-475B-ABB5-2CB1AA5ADEFA}.Debug|Mixed Platforms.Build.0 = Debug|x86
		{D229A5A6-6835-475B-ABB5-2CB1AA5ADEFA}.Debug|x86.ActiveCfg = Debug|x86
		{D229A5A6-6835-475B-ABB5-2CB1AA5ADEFA}.Debug|x86.Build.0 = Debug|x86
		{D229A5A6-6835-475B-ABB5-2CB1AA5ADEFA}.Release|Any CPU.ActiveCfg = Release|x86
		{D229A5A6-6835-475B-ABB5-2CB1AA5ADEFA}.Release|Mixed Platforms.ActiveCfg = Release|x86
		{D229A5A6-6835-475B-ABB5-2CB1AA5ADEFA}.Release|Mixed Platforms.Build.0 = Release|x86
		{D229A5A6-6835-475B-ABB5-2CB1AA5ADEFA}.Release|x86.ActiveCfg = Release|x86
		{D229A5A6-6835-475B-ABB5-2CB1AA5ADEFA}.Release|x86.Build.0 = Release|x86
		{2A57200C-9AF8-441D-BFCA-186C8F44C203}.Debug|Any CPU.ActiveCfg = Debug|Any CPU
		{2A57200C-9AF8-441D-BFCA-186C8F44C203}.Debug|Any CPU.Build.0 = Debug|Any CPU
		{2A57200C-9AF8-441D-BFCA-186C8F44C203}.Debug|Mixed Platforms.ActiveCfg = Debug|Any CPU
		{2A57200C-9AF8-441D-BFCA-186C8F44C203}.Debug|Mixed Platforms.Build.0 = Debug|Any CPU
		{2A57200C-9AF8-441D-BFCA-186C8F44C203}.Debug|x86.ActiveCfg = Debug|Any CPU
		{2A57200C-9AF8-441D-BFCA-186C8F44C203}.Release|Any CPU.ActiveCfg = Release|Any CPU
		{2A57200C-9AF8-441D-BFCA-186C8F44C203}.Release|Any CPU.Build.0 = Release|Any CPU
		{2A57200C-9AF8-441D-BFCA-186C8F44C203}.Release|Mixed Platforms.ActiveCfg = Release|Any CPU
		{2A57200C-9AF8-441D-BFCA-186C8F44C203}.Release|Mixed Platforms.Build.0 = Release|Any CPU
		{2A57200C-9AF8-441D-BFCA-186C8F44C203}.Release|x86.ActiveCfg = Release|Any CPU
		{A222D3EE-5F25-4C35-BC91-A1440F4B7803}.Debug|Any CPU.ActiveCfg = Debug|Any CPU
		{A222D3EE-5F25-4C35-BC91-A1440F4B7803}.Debug|Any CPU.Build.0 = Debug|Any CPU
		{A222D3EE-5F25-4C35-BC91-A1440F4B7803}.Debug|Mixed Platforms.ActiveCfg = Debug|Any CPU
		{A222D3EE-5F25-4C35-BC91-A1440F4B7803}.Debug|Mixed Platforms.Build.0 = Debug|Any CPU
		{A222D3EE-5F25-4C35-BC91-A1440F4B7803}.Debug|x86.ActiveCfg = Debug|Any CPU
		{A222D3EE-5F25-4C35-BC91-A1440F4B7803}.Release|Any CPU.ActiveCfg = Release|Any CPU
		{A222D3EE-5F25-4C35-BC91-A1440F4B7803}.Release|Any CPU.Build.0 = Release|Any CPU
		{A222D3EE-5F25-4C35-BC91-A1440F4B7803}.Release|Mixed Platforms.ActiveCfg = Release|Any CPU
		{A222D3EE-5F25-4C35-BC91-A1440F4B7803}.Release|Mixed Platforms.Build.0 = Release|Any CPU
		{A222D3EE-5F25-4C35-BC91-A1440F4B7803}.Release|x86.ActiveCfg = Release|Any CPU
	EndGlobalSection
	GlobalSection(SolutionProperties) = preSolution
		HideSolutionNode = FALSE
	EndGlobalSection
	GlobalSection(NestedProjects) = preSolution
		{D229A5A6-6835-475B-ABB5-2CB1AA5ADEFA} = {DCFFB333-6576-4DF4-80FB-BE8BFFE32E20}
		{65C5C39A-C726-4AA8-954B-3241298C8F27} = {DCFFB333-6576-4DF4-80FB-BE8BFFE32E20}
		{C8B5288C-D376-4E19-93E2-8A2FAE55113E} = {B8C3B3BD-F53C-4927-9FE6-11625AEF125D}
		{D4976C06-F9F3-45F0-8F8F-A43E8E5D7779} = {B8C3B3BD-F53C-4927-9FE6-11625AEF125D}
		{FB47B53B-C9BE-44B6-B6B5-DECF27B09AD6} = {B8C3B3BD-F53C-4927-9FE6-11625AEF125D}
		{7F8B01E9-8C04-4D76-AF6F-2002BB679C18} = {C8B5288C-D376-4E19-93E2-8A2FAE55113E}
		{6F41B628-389E-48E2-897F-446AAEFD833D} = {C8B5288C-D376-4E19-93E2-8A2FAE55113E}
		{6CF89CFC-D596-4F14-8CFB-0F45BB0EE3D1} = {C8B5288C-D376-4E19-93E2-8A2FAE55113E}
		{39058B39-2F23-42A7-B3F5-F45888B8BAEE} = {C8B5288C-D376-4E19-93E2-8A2FAE55113E}
		{9A0EBC18-A1DD-4E19-84D0-1FAA89EDE184} = {C8B5288C-D376-4E19-93E2-8A2FAE55113E}
		{356920C1-E6B2-4857-9517-6F16769CB27E} = {C8B5288C-D376-4E19-93E2-8A2FAE55113E}
		{49FD1DFF-8229-4ACB-905A-BAAFABFF9152} = {CB00E09A-A1A0-4548-AA8A-202E56C17131}
		{2A57200C-9AF8-441D-BFCA-186C8F44C203} = {CB00E09A-A1A0-4548-AA8A-202E56C17131}
		{A222D3EE-5F25-4C35-BC91-A1440F4B7803} = {CB00E09A-A1A0-4548-AA8A-202E56C17131}
		{B8DC8B2B-40E7-4C58-A89B-0FDC90D1DE00} = {CB00E09A-A1A0-4548-AA8A-202E56C17131}
		{C0C273F9-32D5-4598-AC02-0F1C1A1C6D4E} = {D4976C06-F9F3-45F0-8F8F-A43E8E5D7779}
		{9267734D-96B9-430C-A8EA-E57FC5F0D50C} = {D4976C06-F9F3-45F0-8F8F-A43E8E5D7779}
		{118ADFCA-0AD0-4B67-9ABC-2962347B1AD7} = {D4976C06-F9F3-45F0-8F8F-A43E8E5D7779}
		{4031904F-EFDB-4377-AD50-17B68E777936} = {D4976C06-F9F3-45F0-8F8F-A43E8E5D7779}
		{27CD9BB7-3059-4553-A222-BF83ADC139FC} = {D4976C06-F9F3-45F0-8F8F-A43E8E5D7779}
		{7892D20D-6B50-47C2-97FF-8CCF3A93B373} = {D4976C06-F9F3-45F0-8F8F-A43E8E5D7779}
		{07CF107B-927C-41FE-B895-28A52B21F1B0} = {D4976C06-F9F3-45F0-8F8F-A43E8E5D7779}
	EndGlobalSection
EndGlobal
